// !$*UTF8*$!
{
	archiveVersion = 1;
	classes = {
	};
	objectVersion = 56;
	objects = {

/* Begin PBXBuildFile section */
		3017F8BE2AFAA40E0077E5AE /* Algorithms in Frameworks */ = {isa = PBXBuildFile; productRef = 3017F8BD2AFAA40E0077E5AE /* Algorithms */; };
		307580A22AF97C110050D59B /* SwiftDataUpdateRelationshipsApp.swift in Sources */ = {isa = PBXBuildFile; fileRef = 307580A12AF97C110050D59B /* SwiftDataUpdateRelationshipsApp.swift */; };
		307580A42AF97C110050D59B /* ContentView.swift in Sources */ = {isa = PBXBuildFile; fileRef = 307580A32AF97C110050D59B /* ContentView.swift */; };
		307580A82AF97C130050D59B /* Assets.xcassets in Resources */ = {isa = PBXBuildFile; fileRef = 307580A72AF97C130050D59B /* Assets.xcassets */; };
		307580AB2AF97C130050D59B /* Preview Assets.xcassets in Resources */ = {isa = PBXBuildFile; fileRef = 307580AA2AF97C130050D59B /* Preview Assets.xcassets */; };
		307580B52AF97D170050D59B /* One1.swift in Sources */ = {isa = PBXBuildFile; fileRef = 307580B42AF97D170050D59B /* One1.swift */; };
		307580B72AF97D5C0050D59B /* One2.swift in Sources */ = {isa = PBXBuildFile; fileRef = 307580B62AF97D5C0050D59B /* One2.swift */; };
		307580B92AF97DA70050D59B /* Many.swift in Sources */ = {isa = PBXBuildFile; fileRef = 307580B82AF97DA70050D59B /* Many.swift */; };
		307580BB2AF97E030050D59B /* One1ListView.swift in Sources */ = {isa = PBXBuildFile; fileRef = 307580BA2AF97E030050D59B /* One1ListView.swift */; };
		307580BD2AF97E830050D59B /* One1ListItem.swift in Sources */ = {isa = PBXBuildFile; fileRef = 307580BC2AF97E820050D59B /* One1ListItem.swift */; };
		307580BF2AF97F410050D59B /* One1DetailView.swift in Sources */ = {isa = PBXBuildFile; fileRef = 307580BE2AF97F410050D59B /* One1DetailView.swift */; };
		307580C12AF97F930050D59B /* ManyDetailView.swift in Sources */ = {isa = PBXBuildFile; fileRef = 307580C02AF97F930050D59B /* ManyDetailView.swift */; };
		307580C32AF97FE90050D59B /* ManyUpdateView.swift in Sources */ = {isa = PBXBuildFile; fileRef = 307580C22AF97FE90050D59B /* ManyUpdateView.swift */; };
		307580C52AF980C10050D59B /* One1UpdateView.swift in Sources */ = {isa = PBXBuildFile; fileRef = 307580C42AF980C10050D59B /* One1UpdateView.swift */; };
		307580C72AF981820050D59B /* ManyListItem.swift in Sources */ = {isa = PBXBuildFile; fileRef = 307580C62AF981820050D59B /* ManyListItem.swift */; };
		307580C92AF981BF0050D59B /* ManyListView.swift in Sources */ = {isa = PBXBuildFile; fileRef = 307580C82AF981BF0050D59B /* ManyListView.swift */; };
		307580CB2AF982290050D59B /* One2ListItem.swift in Sources */ = {isa = PBXBuildFile; fileRef = 307580CA2AF982290050D59B /* One2ListItem.swift */; };
		307580CD2AF9825F0050D59B /* One2ListView.swift in Sources */ = {isa = PBXBuildFile; fileRef = 307580CC2AF9825F0050D59B /* One2ListView.swift */; };
		307580CF2AF982940050D59B /* One2DetailView.swift in Sources */ = {isa = PBXBuildFile; fileRef = 307580CE2AF982940050D59B /* One2DetailView.swift */; };
		307580D12AF982E60050D59B /* One2UpdateView.swift in Sources */ = {isa = PBXBuildFile; fileRef = 307580D02AF982E60050D59B /* One2UpdateView.swift */; };
/* End PBXBuildFile section */

/* Begin PBXFileReference section */
		3075809E2AF97C110050D59B /* SwiftDataUpdateRelationships.app */ = {isa = PBXFileReference; explicitFileType = wrapper.application; includeInIndex = 0; path = SwiftDataUpdateRelationships.app; sourceTree = BUILT_PRODUCTS_DIR; };
		307580A12AF97C110050D59B /* SwiftDataUpdateRelationshipsApp.swift */ = {isa = PBXFileReference; lastKnownFileType = sourcecode.swift; path = SwiftDataUpdateRelationshipsApp.swift; sourceTree = "<group>"; };
		307580A32AF97C110050D59B /* ContentView.swift */ = {isa = PBXFileReference; lastKnownFileType = sourcecode.swift; path = ContentView.swift; sourceTree = "<group>"; };
		307580A72AF97C130050D59B /* Assets.xcassets */ = {isa = PBXFileReference; lastKnownFileType = folder.assetcatalog; path = Assets.xcassets; sourceTree = "<group>"; };
		307580AA2AF97C130050D59B /* Preview Assets.xcassets */ = {isa = PBXFileReference; lastKnownFileType = folder.assetcatalog; path = "Preview Assets.xcassets"; sourceTree = "<group>"; };
		307580B42AF97D170050D59B /* One1.swift */ = {isa = PBXFileReference; lastKnownFileType = sourcecode.swift; path = One1.swift; sourceTree = "<group>"; };
		307580B62AF97D5C0050D59B /* One2.swift */ = {isa = PBXFileReference; lastKnownFileType = sourcecode.swift; path = One2.swift; sourceTree = "<group>"; };
		307580B82AF97DA70050D59B /* Many.swift */ = {isa = PBXFileReference; lastKnownFileType = sourcecode.swift; path = Many.swift; sourceTree = "<group>"; };
		307580BA2AF97E030050D59B /* One1ListView.swift */ = {isa = PBXFileReference; lastKnownFileType = sourcecode.swift; path = One1ListView.swift; sourceTree = "<group>"; };
		307580BC2AF97E820050D59B /* One1ListItem.swift */ = {isa = PBXFileReference; lastKnownFileType = sourcecode.swift; path = One1ListItem.swift; sourceTree = "<group>"; };
		307580BE2AF97F410050D59B /* One1DetailView.swift */ = {isa = PBXFileReference; lastKnownFileType = sourcecode.swift; path = One1DetailView.swift; sourceTree = "<group>"; };
		307580C02AF97F930050D59B /* ManyDetailView.swift */ = {isa = PBXFileReference; lastKnownFileType = sourcecode.swift; path = ManyDetailView.swift; sourceTree = "<group>"; };
		307580C22AF97FE90050D59B /* ManyUpdateView.swift */ = {isa = PBXFileReference; lastKnownFileType = sourcecode.swift; path = ManyUpdateView.swift; sourceTree = "<group>"; };
		307580C42AF980C10050D59B /* One1UpdateView.swift */ = {isa = PBXFileReference; lastKnownFileType = sourcecode.swift; path = One1UpdateView.swift; sourceTree = "<group>"; };
		307580C62AF981820050D59B /* ManyListItem.swift */ = {isa = PBXFileReference; lastKnownFileType = sourcecode.swift; path = ManyListItem.swift; sourceTree = "<group>"; };
		307580C82AF981BF0050D59B /* ManyListView.swift */ = {isa = PBXFileReference; lastKnownFileType = sourcecode.swift; path = ManyListView.swift; sourceTree = "<group>"; };
		307580CA2AF982290050D59B /* One2ListItem.swift */ = {isa = PBXFileReference; lastKnownFileType = sourcecode.swift; path = One2ListItem.swift; sourceTree = "<group>"; };
		307580CC2AF9825F0050D59B /* One2ListView.swift */ = {isa = PBXFileReference; lastKnownFileType = sourcecode.swift; path = One2ListView.swift; sourceTree = "<group>"; };
		307580CE2AF982940050D59B /* One2DetailView.swift */ = {isa = PBXFileReference; lastKnownFileType = sourcecode.swift; path = One2DetailView.swift; sourceTree = "<group>"; };
		307580D02AF982E60050D59B /* One2UpdateView.swift */ = {isa = PBXFileReference; lastKnownFileType = sourcecode.swift; path = One2UpdateView.swift; sourceTree = "<group>"; };
/* End PBXFileReference section */

/* Begin PBXFrameworksBuildPhase section */
		3075809B2AF97C110050D59B /* Frameworks */ = {
			isa = PBXFrameworksBuildPhase;
			buildActionMask = 2147483647;
			files = (
				3017F8BE2AFAA40E0077E5AE /* Algorithms in Frameworks */,
			);
			runOnlyForDeploymentPostprocessing = 0;
		};
/* End PBXFrameworksBuildPhase section */

/* Begin PBXGroup section */
		307580952AF97C110050D59B = {
			isa = PBXGroup;
			children = (
				307580A02AF97C110050D59B /* SwiftDataUpdateRelationships */,
				3075809F2AF97C110050D59B /* Products */,
			);
			sourceTree = "<group>";
		};
		3075809F2AF97C110050D59B /* Products */ = {
			isa = PBXGroup;
			children = (
				3075809E2AF97C110050D59B /* SwiftDataUpdateRelationships.app */,
			);
			name = Products;
			sourceTree = "<group>";
		};
		307580A02AF97C110050D59B /* SwiftDataUpdateRelationships */ = {
			isa = PBXGroup;
			children = (
				307580A12AF97C110050D59B /* SwiftDataUpdateRelationshipsApp.swift */,
				307580A32AF97C110050D59B /* ContentView.swift */,
				307580B12AF97C900050D59B /* One1 Views */,
				307580B22AF97CB80050D59B /* Many Views */,
				307580B32AF97CD40050D59B /* One2 Views */,
				307580A72AF97C130050D59B /* Assets.xcassets */,
				307580A92AF97C130050D59B /* Preview Content */,
			);
			path = SwiftDataUpdateRelationships;
			sourceTree = "<group>";
		};
		307580A92AF97C130050D59B /* Preview Content */ = {
			isa = PBXGroup;
			children = (
				307580AA2AF97C130050D59B /* Preview Assets.xcassets */,
			);
			path = "Preview Content";
			sourceTree = "<group>";
		};
		307580B12AF97C900050D59B /* One1 Views */ = {
			isa = PBXGroup;
			children = (
				307580B42AF97D170050D59B /* One1.swift */,
				307580BA2AF97E030050D59B /* One1ListView.swift */,
				307580BC2AF97E820050D59B /* One1ListItem.swift */,
				307580BE2AF97F410050D59B /* One1DetailView.swift */,
				307580C42AF980C10050D59B /* One1UpdateView.swift */,
			);
			path = "One1 Views";
			sourceTree = "<group>";
		};
		307580B22AF97CB80050D59B /* Many Views */ = {
			isa = PBXGroup;
			children = (
				307580B82AF97DA70050D59B /* Many.swift */,
				307580C82AF981BF0050D59B /* ManyListView.swift */,
				307580C62AF981820050D59B /* ManyListItem.swift */,
				307580C02AF97F930050D59B /* ManyDetailView.swift */,
				307580C22AF97FE90050D59B /* ManyUpdateView.swift */,
			);
			path = "Many Views";
			sourceTree = "<group>";
		};
		307580B32AF97CD40050D59B /* One2 Views */ = {
			isa = PBXGroup;
			children = (
				307580B62AF97D5C0050D59B /* One2.swift */,
				307580CC2AF9825F0050D59B /* One2ListView.swift */,
				307580CA2AF982290050D59B /* One2ListItem.swift */,
				307580CE2AF982940050D59B /* One2DetailView.swift */,
				307580D02AF982E60050D59B /* One2UpdateView.swift */,
			);
			path = "One2 Views";
			sourceTree = "<group>";
		};
/* End PBXGroup section */

/* Begin PBXNativeTarget section */
		3075809D2AF97C110050D59B /* SwiftDataUpdateRelationships */ = {
			isa = PBXNativeTarget;
			buildConfigurationList = 307580AE2AF97C130050D59B /* Build configuration list for PBXNativeTarget "SwiftDataUpdateRelationships" */;
			buildPhases = (
				3075809A2AF97C110050D59B /* Sources */,
				3075809B2AF97C110050D59B /* Frameworks */,
				3075809C2AF97C110050D59B /* Resources */,
			);
			buildRules = (
			);
			dependencies = (
			);
			name = SwiftDataUpdateRelationships;
			packageProductDependencies = (
				3017F8BD2AFAA40E0077E5AE /* Algorithms */,
			);
			productName = SwiftDataUpdateRelationships;
			productReference = 3075809E2AF97C110050D59B /* SwiftDataUpdateRelationships.app */;
			productType = "com.apple.product-type.application";
		};
/* End PBXNativeTarget section */

/* Begin PBXProject section */
		307580962AF97C110050D59B /* Project object */ = {
			isa = PBXProject;
			attributes = {
				BuildIndependentTargetsInParallel = 1;
				LastSwiftUpdateCheck = 1500;
				LastUpgradeCheck = 1500;
				TargetAttributes = {
					3075809D2AF97C110050D59B = {
						CreatedOnToolsVersion = 15.0;
					};
				};
			};
			buildConfigurationList = 307580992AF97C110050D59B /* Build configuration list for PBXProject "SwiftDataUpdateRelationships" */;
			compatibilityVersion = "Xcode 14.0";
			developmentRegion = en;
			hasScannedForEncodings = 0;
			knownRegions = (
				en,
				Base,
			);
			mainGroup = 307580952AF97C110050D59B;
			packageReferences = (
				3017F8BC2AFAA40E0077E5AE /* XCRemoteSwiftPackageReference "swift-algorithms" */,
			);
			productRefGroup = 3075809F2AF97C110050D59B /* Products */;
			projectDirPath = "";
			projectRoot = "";
			targets = (
				3075809D2AF97C110050D59B /* SwiftDataUpdateRelationships */,
			);
		};
/* End PBXProject section */

/* Begin PBXResourcesBuildPhase section */
		3075809C2AF97C110050D59B /* Resources */ = {
			isa = PBXResourcesBuildPhase;
			buildActionMask = 2147483647;
			files = (
				307580AB2AF97C130050D59B /* Preview Assets.xcassets in Resources */,
				307580A82AF97C130050D59B /* Assets.xcassets in Resources */,
			);
			runOnlyForDeploymentPostprocessing = 0;
		};
/* End PBXResourcesBuildPhase section */

/* Begin PBXSourcesBuildPhase section */
		3075809A2AF97C110050D59B /* Sources */ = {
			isa = PBXSourcesBuildPhase;
			buildActionMask = 2147483647;
			files = (
				307580B52AF97D170050D59B /* One1.swift in Sources */,
				307580A42AF97C110050D59B /* ContentView.swift in Sources */,
				307580CF2AF982940050D59B /* One2DetailView.swift in Sources */,
				307580B92AF97DA70050D59B /* Many.swift in Sources */,
				307580CB2AF982290050D59B /* One2ListItem.swift in Sources */,
				307580BD2AF97E830050D59B /* One1ListItem.swift in Sources */,
				307580C32AF97FE90050D59B /* ManyUpdateView.swift in Sources */,
				307580D12AF982E60050D59B /* One2UpdateView.swift in Sources */,
				307580C92AF981BF0050D59B /* ManyListView.swift in Sources */,
				307580BF2AF97F410050D59B /* One1DetailView.swift in Sources */,
				307580CD2AF9825F0050D59B /* One2ListView.swift in Sources */,
				307580BB2AF97E030050D59B /* One1ListView.swift in Sources */,
				307580C12AF97F930050D59B /* ManyDetailView.swift in Sources */,
				307580C52AF980C10050D59B /* One1UpdateView.swift in Sources */,
				307580B72AF97D5C0050D59B /* One2.swift in Sources */,
				307580A22AF97C110050D59B /* SwiftDataUpdateRelationshipsApp.swift in Sources */,
				307580C72AF981820050D59B /* ManyListItem.swift in Sources */,
			);
			runOnlyForDeploymentPostprocessing = 0;
		};
/* End PBXSourcesBuildPhase section */

/* Begin XCBuildConfiguration section */
		307580AC2AF97C130050D59B /* Debug */ = {
			isa = XCBuildConfiguration;
			buildSettings = {
				ALWAYS_SEARCH_USER_PATHS = NO;
				ASSETCATALOG_COMPILER_GENERATE_SWIFT_ASSET_SYMBOL_EXTENSIONS = YES;
				CLANG_ANALYZER_NONNULL = YES;
				CLANG_ANALYZER_NUMBER_OBJECT_CONVERSION = YES_AGGRESSIVE;
				CLANG_CXX_LANGUAGE_STANDARD = "gnu++20";
				CLANG_ENABLE_MODULES = YES;
				CLANG_ENABLE_OBJC_ARC = YES;
				CLANG_ENABLE_OBJC_WEAK = YES;
				CLANG_WARN_BLOCK_CAPTURE_AUTORELEASING = YES;
				CLANG_WARN_BOOL_CONVERSION = YES;
				CLANG_WARN_COMMA = YES;
				CLANG_WARN_CONSTANT_CONVERSION = YES;
				CLANG_WARN_DEPRECATED_OBJC_IMPLEMENTATIONS = YES;
				CLANG_WARN_DIRECT_OBJC_ISA_USAGE = YES_ERROR;
				CLANG_WARN_DOCUMENTATION_COMMENTS = YES;
				CLANG_WARN_EMPTY_BODY = YES;
				CLANG_WARN_ENUM_CONVERSION = YES;
				CLANG_WARN_INFINITE_RECURSION = YES;
				CLANG_WARN_INT_CONVERSION = YES;
				CLANG_WARN_NON_LITERAL_NULL_CONVERSION = YES;
				CLANG_WARN_OBJC_IMPLICIT_RETAIN_SELF = YES;
				CLANG_WARN_OBJC_LITERAL_CONVERSION = YES;
				CLANG_WARN_OBJC_ROOT_CLASS = YES_ERROR;
				CLANG_WARN_QUOTED_INCLUDE_IN_FRAMEWORK_HEADER = YES;
				CLANG_WARN_RANGE_LOOP_ANALYSIS = YES;
				CLANG_WARN_STRICT_PROTOTYPES = YES;
				CLANG_WARN_SUSPICIOUS_MOVE = YES;
				CLANG_WARN_UNGUARDED_AVAILABILITY = YES_AGGRESSIVE;
				CLANG_WARN_UNREACHABLE_CODE = YES;
				CLANG_WARN__DUPLICATE_METHOD_MATCH = YES;
				COPY_PHASE_STRIP = NO;
				DEBUG_INFORMATION_FORMAT = dwarf;
				ENABLE_STRICT_OBJC_MSGSEND = YES;
				ENABLE_TESTABILITY = YES;
				ENABLE_USER_SCRIPT_SANDBOXING = YES;
				GCC_C_LANGUAGE_STANDARD = gnu17;
				GCC_DYNAMIC_NO_PIC = NO;
				GCC_NO_COMMON_BLOCKS = YES;
				GCC_OPTIMIZATION_LEVEL = 0;
				GCC_PREPROCESSOR_DEFINITIONS = (
					"DEBUG=1",
					"$(inherited)",
				);
				GCC_WARN_64_TO_32_BIT_CONVERSION = YES;
				GCC_WARN_ABOUT_RETURN_TYPE = YES_ERROR;
				GCC_WARN_UNDECLARED_SELECTOR = YES;
				GCC_WARN_UNINITIALIZED_AUTOS = YES_AGGRESSIVE;
				GCC_WARN_UNUSED_FUNCTION = YES;
				GCC_WARN_UNUSED_VARIABLE = YES;
				IPHONEOS_DEPLOYMENT_TARGET = 17.0;
				LOCALIZATION_PREFERS_STRING_CATALOGS = YES;
				MTL_ENABLE_DEBUG_INFO = INCLUDE_SOURCE;
				MTL_FAST_MATH = YES;
				ONLY_ACTIVE_ARCH = YES;
				SDKROOT = iphoneos;
				SWIFT_ACTIVE_COMPILATION_CONDITIONS = "DEBUG $(inherited)";
				SWIFT_OPTIMIZATION_LEVEL = "-Onone";
			};
			name = Debug;
		};
		307580AD2AF97C130050D59B /* Release */ = {
			isa = XCBuildConfiguration;
			buildSettings = {
				ALWAYS_SEARCH_USER_PATHS = NO;
				ASSETCATALOG_COMPILER_GENERATE_SWIFT_ASSET_SYMBOL_EXTENSIONS = YES;
				CLANG_ANALYZER_NONNULL = YES;
				CLANG_ANALYZER_NUMBER_OBJECT_CONVERSION = YES_AGGRESSIVE;
				CLANG_CXX_LANGUAGE_STANDARD = "gnu++20";
				CLANG_ENABLE_MODULES = YES;
				CLANG_ENABLE_OBJC_ARC = YES;
				CLANG_ENABLE_OBJC_WEAK = YES;
				CLANG_WARN_BLOCK_CAPTURE_AUTORELEASING = YES;
				CLANG_WARN_BOOL_CONVERSION = YES;
				CLANG_WARN_COMMA = YES;
				CLANG_WARN_CONSTANT_CONVERSION = YES;
				CLANG_WARN_DEPRECATED_OBJC_IMPLEMENTATIONS = YES;
				CLANG_WARN_DIRECT_OBJC_ISA_USAGE = YES_ERROR;
				CLANG_WARN_DOCUMENTATION_COMMENTS = YES;
				CLANG_WARN_EMPTY_BODY = YES;
				CLANG_WARN_ENUM_CONVERSION = YES;
				CLANG_WARN_INFINITE_RECURSION = YES;
				CLANG_WARN_INT_CONVERSION = YES;
				CLANG_WARN_NON_LITERAL_NULL_CONVERSION = YES;
				CLANG_WARN_OBJC_IMPLICIT_RETAIN_SELF = YES;
				CLANG_WARN_OBJC_LITERAL_CONVERSION = YES;
				CLANG_WARN_OBJC_ROOT_CLASS = YES_ERROR;
				CLANG_WARN_QUOTED_INCLUDE_IN_FRAMEWORK_HEADER = YES;
				CLANG_WARN_RANGE_LOOP_ANALYSIS = YES;
				CLANG_WARN_STRICT_PROTOTYPES = YES;
				CLANG_WARN_SUSPICIOUS_MOVE = YES;
				CLANG_WARN_UNGUARDED_AVAILABILITY = YES_AGGRESSIVE;
				CLANG_WARN_UNREACHABLE_CODE = YES;
				CLANG_WARN__DUPLICATE_METHOD_MATCH = YES;
				COPY_PHASE_STRIP = NO;
				DEBUG_INFORMATION_FORMAT = "dwarf-with-dsym";
				ENABLE_NS_ASSERTIONS = NO;
				ENABLE_STRICT_OBJC_MSGSEND = YES;
				ENABLE_USER_SCRIPT_SANDBOXING = YES;
				GCC_C_LANGUAGE_STANDARD = gnu17;
				GCC_NO_COMMON_BLOCKS = YES;
				GCC_WARN_64_TO_32_BIT_CONVERSION = YES;
				GCC_WARN_ABOUT_RETURN_TYPE = YES_ERROR;
				GCC_WARN_UNDECLARED_SELECTOR = YES;
				GCC_WARN_UNINITIALIZED_AUTOS = YES_AGGRESSIVE;
				GCC_WARN_UNUSED_FUNCTION = YES;
				GCC_WARN_UNUSED_VARIABLE = YES;
				IPHONEOS_DEPLOYMENT_TARGET = 17.0;
				LOCALIZATION_PREFERS_STRING_CATALOGS = YES;
				MTL_ENABLE_DEBUG_INFO = NO;
				MTL_FAST_MATH = YES;
				SDKROOT = iphoneos;
				SWIFT_COMPILATION_MODE = wholemodule;
				VALIDATE_PRODUCT = YES;
			};
			name = Release;
		};
		307580AF2AF97C130050D59B /* Debug */ = {
			isa = XCBuildConfiguration;
			buildSettings = {
				ASSETCATALOG_COMPILER_APPICON_NAME = AppIcon;
				ASSETCATALOG_COMPILER_GLOBAL_ACCENT_COLOR_NAME = AccentColor;
				CODE_SIGN_STYLE = Automatic;
				CURRENT_PROJECT_VERSION = 1;
				DEVELOPMENT_ASSET_PATHS = "\"SwiftDataUpdateRelationships/Preview Content\"";
				DEVELOPMENT_TEAM = 724QD58FHA;
				ENABLE_PREVIEWS = YES;
				GENERATE_INFOPLIST_FILE = YES;
				INFOPLIST_KEY_UIApplicationSceneManifest_Generation = YES;
				INFOPLIST_KEY_UIApplicationSupportsIndirectInputEvents = YES;
				INFOPLIST_KEY_UILaunchScreen_Generation = YES;
				INFOPLIST_KEY_UISupportedInterfaceOrientations_iPad = "UIInterfaceOrientationPortrait UIInterfaceOrientationPortraitUpsideDown UIInterfaceOrientationLandscapeLeft UIInterfaceOrientationLandscapeRight";
				INFOPLIST_KEY_UISupportedInterfaceOrientations_iPhone = "UIInterfaceOrientationPortrait UIInterfaceOrientationLandscapeLeft UIInterfaceOrientationLandscapeRight";
				LD_RUNPATH_SEARCH_PATHS = (
					"$(inherited)",
					"@executable_path/Frameworks",
				);
				MARKETING_VERSION = 1.0;
				PRODUCT_BUNDLE_IDENTIFIER = com.centralazsafety.SwiftDataUpdateRelationships;
				PRODUCT_NAME = "$(TARGET_NAME)";
				SWIFT_EMIT_LOC_STRINGS = YES;
				SWIFT_VERSION = 5.0;
				TARGETED_DEVICE_FAMILY = "1,2";
			};
			name = Debug;
		};
		307580B02AF97C130050D59B /* Release */ = {
			isa = XCBuildConfiguration;
			buildSettings = {
				ASSETCATALOG_COMPILER_APPICON_NAME = AppIcon;
				ASSETCATALOG_COMPILER_GLOBAL_ACCENT_COLOR_NAME = AccentColor;
				CODE_SIGN_STYLE = Automatic;
				CURRENT_PROJECT_VERSION = 1;
				DEVELOPMENT_ASSET_PATHS = "\"SwiftDataUpdateRelationships/Preview Content\"";
				DEVELOPMENT_TEAM = 724QD58FHA;
				ENABLE_PREVIEWS = YES;
				GENERATE_INFOPLIST_FILE = YES;
				INFOPLIST_KEY_UIApplicationSceneManifest_Generation = YES;
				INFOPLIST_KEY_UIApplicationSupportsIndirectInputEvents = YES;
				INFOPLIST_KEY_UILaunchScreen_Generation = YES;
				INFOPLIST_KEY_UISupportedInterfaceOrientations_iPad = "UIInterfaceOrientationPortrait UIInterfaceOrientationPortraitUpsideDown UIInterfaceOrientationLandscapeLeft UIInterfaceOrientationLandscapeRight";
				INFOPLIST_KEY_UISupportedInterfaceOrientations_iPhone = "UIInterfaceOrientationPortrait UIInterfaceOrientationLandscapeLeft UIInterfaceOrientationLandscapeRight";
				LD_RUNPATH_SEARCH_PATHS = (
					"$(inherited)",
					"@executable_path/Frameworks",
				);
				MARKETING_VERSION = 1.0;
				PRODUCT_BUNDLE_IDENTIFIER = com.centralazsafety.SwiftDataUpdateRelationships;
				PRODUCT_NAME = "$(TARGET_NAME)";
				SWIFT_EMIT_LOC_STRINGS = YES;
				SWIFT_VERSION = 5.0;
				TARGETED_DEVICE_FAMILY = "1,2";
			};
			name = Release;
		};
/* End XCBuildConfiguration section */

/* Begin XCConfigurationList section */
		307580992AF97C110050D59B /* Build configuration list for PBXProject "SwiftDataUpdateRelationships" */ = {
			isa = XCConfigurationList;
			buildConfigurations = (
				307580AC2AF97C130050D59B /* Debug */,
				307580AD2AF97C130050D59B /* Release */,
			);
			defaultConfigurationIsVisible = 0;
			defaultConfigurationName = Release;
		};
		307580AE2AF97C130050D59B /* Build configuration list for PBXNativeTarget "SwiftDataUpdateRelationships" */ = {
			isa = XCConfigurationList;
			buildConfigurations = (
				307580AF2AF97C130050D59B /* Debug */,
				307580B02AF97C130050D59B /* Release */,
			);
			defaultConfigurationIsVisible = 0;
			defaultConfigurationName = Release;
		};
/* End XCConfigurationList section */

/* Begin XCRemoteSwiftPackageReference section */
		3017F8BC2AFAA40E0077E5AE /* XCRemoteSwiftPackageReference "swift-algorithms" */ = {
			isa = XCRemoteSwiftPackageReference;
			repositoryURL = "https://github.com/apple/swift-algorithms.git";
			requirement = {
				kind = upToNextMajorVersion;
				minimumVersion = 1.1.0;
			};
		};
/* End XCRemoteSwiftPackageReference section */

/* Begin XCSwiftPackageProductDependency section */
		3017F8BD2AFAA40E0077E5AE /* Algorithms */ = {
			isa = XCSwiftPackageProductDependency;
			package = 3017F8BC2AFAA40E0077E5AE /* XCRemoteSwiftPackageReference "swift-algorithms" */;
			productName = Algorithms;
		};
/* End XCSwiftPackageProductDependency section */
	};
	rootObject = 307580962AF97C110050D59B /* Project object */;
}
